// !$*UTF8*$!
{
	archiveVersion = 1;
	classes = {
	};
	objectVersion = 50;
	objects = {

/* Begin PBXBuildFile section */
		A73C8E392609C97600C3ED1E /* AppDelegate.swift in Sources */ = {isa = PBXBuildFile; fileRef = A73C8E382609C97600C3ED1E /* AppDelegate.swift */; };
		A73C8E3B2609C97600C3ED1E /* SceneDelegate.swift in Sources */ = {isa = PBXBuildFile; fileRef = A73C8E3A2609C97600C3ED1E /* SceneDelegate.swift */; };
		A73C8E3D2609C97600C3ED1E /* ViewController.swift in Sources */ = {isa = PBXBuildFile; fileRef = A73C8E3C2609C97600C3ED1E /* ViewController.swift */; };
		A73C8E402609C97600C3ED1E /* Main.storyboard in Resources */ = {isa = PBXBuildFile; fileRef = A73C8E3E2609C97600C3ED1E /* Main.storyboard */; };
		A73C8E422609C97600C3ED1E /* Assets.xcassets in Resources */ = {isa = PBXBuildFile; fileRef = A73C8E412609C97600C3ED1E /* Assets.xcassets */; };
		A73C8E452609C97600C3ED1E /* LaunchScreen.storyboard in Resources */ = {isa = PBXBuildFile; fileRef = A73C8E432609C97600C3ED1E /* LaunchScreen.storyboard */; };
		A73C8E4D2609CAEB00C3ED1E /* SharpImageView.swift in Sources */ = {isa = PBXBuildFile; fileRef = A73C8E4C2609CAEB00C3ED1E /* SharpImageView.swift */; };
		A73C8E4F2609D38300C3ED1E /* SharpImage.swift in Sources */ = {isa = PBXBuildFile; fileRef = A73C8E4E2609D38300C3ED1E /* SharpImage.swift */; };
/* End PBXBuildFile section */

/* Begin PBXFileReference section */
		A73C8E352609C97600C3ED1E /* UIBezierPath-love.app */ = {isa = PBXFileReference; explicitFileType = wrapper.application; includeInIndex = 0; path = "UIBezierPath-love.app"; sourceTree = BUILT_PRODUCTS_DIR; };
		A73C8E382609C97600C3ED1E /* AppDelegate.swift */ = {isa = PBXFileReference; lastKnownFileType = sourcecode.swift; path = AppDelegate.swift; sourceTree = "<group>"; };
		A73C8E3A2609C97600C3ED1E /* SceneDelegate.swift */ = {isa = PBXFileReference; lastKnownFileType = sourcecode.swift; path = SceneDelegate.swift; sourceTree = "<group>"; };
		A73C8E3C2609C97600C3ED1E /* ViewController.swift */ = {isa = PBXFileReference; lastKnownFileType = sourcecode.swift; path = ViewController.swift; sourceTree = "<group>"; };
		A73C8E3F2609C97600C3ED1E /* Base */ = {isa = PBXFileReference; lastKnownFileType = file.storyboard; name = Base; path = Base.lproj/Main.storyboard; sourceTree = "<group>"; };
		A73C8E412609C97600C3ED1E /* Assets.xcassets */ = {isa = PBXFileReference; lastKnownFileType = folder.assetcatalog; path = Assets.xcassets; sourceTree = "<group>"; };
		A73C8E442609C97600C3ED1E /* Base */ = {isa = PBXFileReference; lastKnownFileType = file.storyboard; name = Base; path = Base.lproj/LaunchScreen.storyboard; sourceTree = "<group>"; };
		A73C8E462609C97600C3ED1E /* Info.plist */ = {isa = PBXFileReference; lastKnownFileType = text.plist.xml; path = Info.plist; sourceTree = "<group>"; };
		A73C8E4C2609CAEB00C3ED1E /* SharpImageView.swift */ = {isa = PBXFileReference; lastKnownFileType = sourcecode.swift; path = SharpImageView.swift; sourceTree = "<group>"; };
		A73C8E4E2609D38300C3ED1E /* SharpImage.swift */ = {isa = PBXFileReference; lastKnownFileType = sourcecode.swift; path = SharpImage.swift; sourceTree = "<group>"; };
/* End PBXFileReference section */

/* Begin PBXFrameworksBuildPhase section */
		A73C8E322609C97600C3ED1E /* Frameworks */ = {
			isa = PBXFrameworksBuildPhase;
			buildActionMask = 2147483647;
			files = (
			);
			runOnlyForDeploymentPostprocessing = 0;
		};
/* End PBXFrameworksBuildPhase section */

/* Begin PBXGroup section */
		A73C8E2C2609C97600C3ED1E = {
			isa = PBXGroup;
			children = (
				A73C8E372609C97600C3ED1E /* UIBezierPath-love */,
				A73C8E362609C97600C3ED1E /* Products */,
			);
			sourceTree = "<group>";
		};
		A73C8E362609C97600C3ED1E /* Products */ = {
			isa = PBXGroup;
			children = (
				A73C8E352609C97600C3ED1E /* UIBezierPath-love.app */,
			);
			name = Products;
			sourceTree = "<group>";
		};
		A73C8E372609C97600C3ED1E /* UIBezierPath-love */ = {
			isa = PBXGroup;
			children = (
				A73C8E382609C97600C3ED1E /* AppDelegate.swift */,
				A73C8E3A2609C97600C3ED1E /* SceneDelegate.swift */,
				A73C8E3C2609C97600C3ED1E /* ViewController.swift */,
				A73C8E3E2609C97600C3ED1E /* Main.storyboard */,
				A73C8E4E2609D38300C3ED1E /* SharpImage.swift */,
				A73C8E4C2609CAEB00C3ED1E /* SharpImageView.swift */,
				A73C8E412609C97600C3ED1E /* Assets.xcassets */,
				A73C8E432609C97600C3ED1E /* LaunchScreen.storyboard */,
				A73C8E462609C97600C3ED1E /* Info.plist */,
			);
			path = "UIBezierPath-love";
			sourceTree = "<group>";
		};
/* End PBXGroup section */

/* Begin PBXNativeTarget section */
		A73C8E342609C97600C3ED1E /* UIBezierPath-love */ = {
			isa = PBXNativeTarget;
			buildConfigurationList = A73C8E492609C97600C3ED1E /* Build configuration list for PBXNativeTarget "UIBezierPath-love" */;
			buildPhases = (
				A73C8E312609C97600C3ED1E /* Sources */,
				A73C8E322609C97600C3ED1E /* Frameworks */,
				A73C8E332609C97600C3ED1E /* Resources */,
			);
			buildRules = (
			);
			dependencies = (
			);
			name = "UIBezierPath-love";
			productName = "UIBezierPath-love";
			productReference = A73C8E352609C97600C3ED1E /* UIBezierPath-love.app */;
			productType = "com.apple.product-type.application";
		};
/* End PBXNativeTarget section */

/* Begin PBXProject section */
		A73C8E2D2609C97600C3ED1E /* Project object */ = {
			isa = PBXProject;
			attributes = {
				LastSwiftUpdateCheck = 1250;
				LastUpgradeCheck = 1250;
				TargetAttributes = {
					A73C8E342609C97600C3ED1E = {
						CreatedOnToolsVersion = 12.5;
					};
				};
			};
			buildConfigurationList = A73C8E302609C97600C3ED1E /* Build configuration list for PBXProject "UIBezierPath-love" */;
			compatibilityVersion = "Xcode 9.3";
			developmentRegion = en;
			hasScannedForEncodings = 0;
			knownRegions = (
				en,
				Base,
			);
			mainGroup = A73C8E2C2609C97600C3ED1E;
			productRefGroup = A73C8E362609C97600C3ED1E /* Products */;
			projectDirPath = "";
			projectRoot = "";
			targets = (
				A73C8E342609C97600C3ED1E /* UIBezierPath-love */,
			);
		};
/* End PBXProject section */

/* Begin PBXResourcesBuildPhase section */
		A73C8E332609C97600C3ED1E /* Resources */ = {
			isa = PBXResourcesBuildPhase;
			buildActionMask = 2147483647;
			files = (
				A73C8E452609C97600C3ED1E /* LaunchScreen.storyboard in Resources */,
				A73C8E422609C97600C3ED1E /* Assets.xcassets in Resources */,
				A73C8E402609C97600C3ED1E /* Main.storyboard in Resources */,
			);
			runOnlyForDeploymentPostprocessing = 0;
		};
/* End PBXResourcesBuildPhase section */

/* Begin PBXSourcesBuildPhase section */
		A73C8E312609C97600C3ED1E /* Sources */ = {
			isa = PBXSourcesBuildPhase;
			buildActionMask = 2147483647;
			files = (
				A73C8E3D2609C97600C3ED1E /* ViewController.swift in Sources */,
				A73C8E392609C97600C3ED1E /* AppDelegate.swift in Sources */,
				A73C8E3B2609C97600C3ED1E /* SceneDelegate.swift in Sources */,
				A73C8E4F2609D38300C3ED1E /* SharpImage.swift in Sources */,
				A73C8E4D2609CAEB00C3ED1E /* SharpImageView.swift in Sources */,
			);
			runOnlyForDeploymentPostprocessing = 0;
		};
/* End PBXSourcesBuildPhase section */

/* Begin PBXVariantGroup section */
		A73C8E3E2609C97600C3ED1E /* Main.storyboard */ = {
			isa = PBXVariantGroup;
			children = (
				A73C8E3F2609C97600C3ED1E /* Base */,
			);
			name = Main.storyboard;
			sourceTree = "<group>";
		};
		A73C8E432609C97600C3ED1E /* LaunchScreen.storyboard */ = {
			isa = PBXVariantGroup;
			children = (
				A73C8E442609C97600C3ED1E /* Base */,
			);
			name = LaunchScreen.storyboard;
			sourceTree = "<group>";
		};
/* End PBXVariantGroup section */

/* Begin XCBuildConfiguration section */
		A73C8E472609C97600C3ED1E /* Debug */ = {
			isa = XCBuildConfiguration;
			buildSettings = {
				ALWAYS_SEARCH_USER_PATHS = NO;
				CLANG_ANALYZER_NONNULL = YES;
				CLANG_ANALYZER_NUMBER_OBJECT_CONVERSION = YES_AGGRESSIVE;
				CLANG_CXX_LANGUAGE_STANDARD = "gnu++14";
				CLANG_CXX_LIBRARY = "libc++";
				CLANG_ENABLE_MODULES = YES;
				CLANG_ENABLE_OBJC_ARC = YES;
				CLANG_ENABLE_OBJC_WEAK = YES;
				CLANG_WARN_BLOCK_CAPTURE_AUTORELEASING = YES;
				CLANG_WARN_BOOL_CONVERSION = YES;
				CLANG_WARN_COMMA = YES;
				CLANG_WARN_CONSTANT_CONVERSION = YES;
				CLANG_WARN_DEPRECATED_OBJC_IMPLEMENTATIONS = YES;
				CLANG_WARN_DIRECT_OBJC_ISA_USAGE = YES_ERROR;
				CLANG_WARN_DOCUMENTATION_COMMENTS = YES;
				CLANG_WARN_EMPTY_BODY = YES;
				CLANG_WARN_ENUM_CONVERSION = YES;
				CLANG_WARN_INFINITE_RECURSION = YES;
				CLANG_WARN_INT_CONVERSION = YES;
				CLANG_WARN_NON_LITERAL_NULL_CONVERSION = YES;
				CLANG_WARN_OBJC_IMPLICIT_RETAIN_SELF = YES;
				CLANG_WARN_OBJC_LITERAL_CONVERSION = YES;
				CLANG_WARN_OBJC_ROOT_CLASS = YES_ERROR;
				CLANG_WARN_QUOTED_INCLUDE_IN_FRAMEWORK_HEADER = YES;
				CLANG_WARN_RANGE_LOOP_ANALYSIS = YES;
				CLANG_WARN_STRICT_PROTOTYPES = YES;
				CLANG_WARN_SUSPICIOUS_MOVE = YES;
				CLANG_WARN_UNGUARDED_AVAILABILITY = YES_AGGRESSIVE;
				CLANG_WARN_UNREACHABLE_CODE = YES;
				CLANG_WARN__DUPLICATE_METHOD_MATCH = YES;
				COPY_PHASE_STRIP = NO;
				DEBUG_INFORMATION_FORMAT = dwarf;
				ENABLE_STRICT_OBJC_MSGSEND = YES;
				ENABLE_TESTABILITY = YES;
				GCC_C_LANGUAGE_STANDARD = gnu11;
				GCC_DYNAMIC_NO_PIC = NO;
				GCC_NO_COMMON_BLOCKS = YES;
				GCC_OPTIMIZATION_LEVEL = 0;
				GCC_PREPROCESSOR_DEFINITIONS = (
					"DEBUG=1",
					"$(inherited)",
				);
				GCC_WARN_64_TO_32_BIT_CONVERSION = YES;
				GCC_WARN_ABOUT_RETURN_TYPE = YES_ERROR;
				GCC_WARN_UNDECLARED_SELECTOR = YES;
				GCC_WARN_UNINITIALIZED_AUTOS = YES_AGGRESSIVE;
				GCC_WARN_UNUSED_FUNCTION = YES;
				GCC_WARN_UNUSED_VARIABLE = YES;
				IPHONEOS_DEPLOYMENT_TARGET = 14.5;
				MTL_ENABLE_DEBUG_INFO = INCLUDE_SOURCE;
				MTL_FAST_MATH = YES;
				ONLY_ACTIVE_ARCH = YES;
				SDKROOT = iphoneos;
				SWIFT_ACTIVE_COMPILATION_CONDITIONS = DEBUG;
				SWIFT_OPTIMIZATION_LEVEL = "-Onone";
			};
			name = Debug;
		};
		A73C8E482609C97600C3ED1E /* Release */ = {
			isa = XCBuildConfiguration;
			buildSettings = {
				ALWAYS_SEARCH_USER_PATHS = NO;
				CLANG_ANALYZER_NONNULL = YES;
				CLANG_ANALYZER_NUMBER_OBJECT_CONVERSION = YES_AGGRESSIVE;
				CLANG_CXX_LANGUAGE_STANDARD = "gnu++14";
				CLANG_CXX_LIBRARY = "libc++";
				CLANG_ENABLE_MODULES = YES;
				CLANG_ENABLE_OBJC_ARC = YES;
				CLANG_ENABLE_OBJC_WEAK = YES;
				CLANG_WARN_BLOCK_CAPTURE_AUTORELEASING = YES;
				CLANG_WARN_BOOL_CONVERSION = YES;
				CLANG_WARN_COMMA = YES;
				CLANG_WARN_CONSTANT_CONVERSION = YES;
				CLANG_WARN_DEPRECATED_OBJC_IMPLEMENTATIONS = YES;
				CLANG_WARN_DIRECT_OBJC_ISA_USAGE = YES_ERROR;
				CLANG_WARN_DOCUMENTATION_COMMENTS = YES;
				CLANG_WARN_EMPTY_BODY = YES;
				CLANG_WARN_ENUM_CONVERSION = YES;
				CLANG_WARN_INFINITE_RECURSION = YES;
				CLANG_WARN_INT_CONVERSION = YES;
				CLANG_WARN_NON_LITERAL_NULL_CONVERSION = YES;
				CLANG_WARN_OBJC_IMPLICIT_RETAIN_SELF = YES;
				CLANG_WARN_OBJC_LITERAL_CONVERSION = YES;
				CLANG_WARN_OBJC_ROOT_CLASS = YES_ERROR;
				CLANG_WARN_QUOTED_INCLUDE_IN_FRAMEWORK_HEADER = YES;
				CLANG_WARN_RANGE_LOOP_ANALYSIS = YES;
				CLANG_WARN_STRICT_PROTOTYPES = YES;
				CLANG_WARN_SUSPICIOUS_MOVE = YES;
				CLANG_WARN_UNGUARDED_AVAILABILITY = YES_AGGRESSIVE;
				CLANG_WARN_UNREACHABLE_CODE = YES;
				CLANG_WARN__DUPLICATE_METHOD_MATCH = YES;
				COPY_PHASE_STRIP = NO;
				DEBUG_INFORMATION_FORMAT = "dwarf-with-dsym";
				ENABLE_NS_ASSERTIONS = NO;
				ENABLE_STRICT_OBJC_MSGSEND = YES;
				GCC_C_LANGUAGE_STANDARD = gnu11;
				GCC_NO_COMMON_BLOCKS = YES;
				GCC_WARN_64_TO_32_BIT_CONVERSION = YES;
				GCC_WARN_ABOUT_RETURN_TYPE = YES_ERROR;
				GCC_WARN_UNDECLARED_SELECTOR = YES;
				GCC_WARN_UNINITIALIZED_AUTOS = YES_AGGRESSIVE;
				GCC_WARN_UNUSED_FUNCTION = YES;
				GCC_WARN_UNUSED_VARIABLE = YES;
				IPHONEOS_DEPLOYMENT_TARGET = 14.5;
				MTL_ENABLE_DEBUG_INFO = NO;
				MTL_FAST_MATH = YES;
				SDKROOT = iphoneos;
				SWIFT_COMPILATION_MODE = wholemodule;
				SWIFT_OPTIMIZATION_LEVEL = "-O";
				VALIDATE_PRODUCT = YES;
			};
			name = Release;
		};
		A73C8E4A2609C97600C3ED1E /* Debug */ = {
			isa = XCBuildConfiguration;
			buildSettings = {
				ASSETCATALOG_COMPILER_APPICON_NAME = AppIcon;
				ASSETCATALOG_COMPILER_GLOBAL_ACCENT_COLOR_NAME = AccentColor;
				CODE_SIGN_STYLE = Automatic;
				DEVELOPMENT_TEAM = WA34G25776;
				INFOPLIST_FILE = "UIBezierPath-love/Info.plist";
				LD_RUNPATH_SEARCH_PATHS = (
					"$(inherited)",
					"@executable_path/Frameworks",
				);
				PRODUCT_BUNDLE_IDENTIFIER = "jhen.UIBezierPath-love";
				PRODUCT_NAME = "$(TARGET_NAME)";
				SWIFT_VERSION = 5.0;
				TARGETED_DEVICE_FAMILY = "1,2";
			};
			name = Debug;
		};
		A73C8E4B2609C97600C3ED1E /* Release */ = {
			isa = XCBuildConfiguration;
			buildSettings = {
				ASSETCATALOG_COMPILER_APPICON_NAME = AppIcon;
				ASSETCATALOG_COMPILER_GLOBAL_ACCENT_COLOR_NAME = AccentColor;
				CODE_SIGN_STYLE = Automatic;
				DEVELOPMENT_TEAM = WA34G25776;
				INFOPLIST_FILE = "UIBezierPath-love/Info.plist";
				LD_RUNPATH_SEARCH_PATHS = (
					"$(inherited)",
					"@executable_path/Frameworks",
				);
				PRODUCT_BUNDLE_IDENTIFIER = "jhen.UIBezierPath-love";
				PRODUCT_NAME = "$(TARGET_NAME)";
				SWIFT_VERSION = 5.0;
				TARGETED_DEVICE_FAMILY = "1,2";
			};
			name = Release;
		};
/* End XCBuildConfiguration section */

/* Begin XCConfigurationList section */
		A73C8E302609C97600C3ED1E /* Build configuration list for PBXProject "UIBezierPath-love" */ = {
			isa = XCConfigurationList;
			buildConfigurations = (
				A73C8E472609C97600C3ED1E /* Debug */,
				A73C8E482609C97600C3ED1E /* Release */,
			);
			defaultConfigurationIsVisible = 0;
			defaultConfigurationName = Release;
		};
		A73C8E492609C97600C3ED1E /* Build configuration list for PBXNativeTarget "UIBezierPath-love" */ = {
			isa = XCConfigurationList;
			buildConfigurations = (
				A73C8E4A2609C97600C3ED1E /* Debug */,
				A73C8E4B2609C97600C3ED1E /* Release */,
			);
			defaultConfigurationIsVisible = 0;
			defaultConfigurationName = Release;
		};
/* End XCConfigurationList section */
	};
	rootObject = A73C8E2D2609C97600C3ED1E /* Project object */;
}
